// !$*UTF8*$!
{
	archiveVersion = 1;
	classes = {
	};
	objectVersion = 50;
	objects = {

/* Begin PBXBuildFile section */
		940119A7254AFFF8005842A4 /* AppDelegate.swift in Sources */ = {isa = PBXBuildFile; fileRef = 940119A6254AFFF8005842A4 /* AppDelegate.swift */; };
		940119A9254AFFF8005842A4 /* SceneDelegate.swift in Sources */ = {isa = PBXBuildFile; fileRef = 940119A8254AFFF8005842A4 /* SceneDelegate.swift */; };
		940119AB254AFFF8005842A4 /* ViewController.swift in Sources */ = {isa = PBXBuildFile; fileRef = 940119AA254AFFF8005842A4 /* ViewController.swift */; };
		940119AE254AFFF8005842A4 /* Main.storyboard in Resources */ = {isa = PBXBuildFile; fileRef = 940119AC254AFFF8005842A4 /* Main.storyboard */; };
		940119B0254AFFFB005842A4 /* Assets.xcassets in Resources */ = {isa = PBXBuildFile; fileRef = 940119AF254AFFFB005842A4 /* Assets.xcassets */; };
		940119B3254AFFFB005842A4 /* LaunchScreen.storyboard in Resources */ = {isa = PBXBuildFile; fileRef = 940119B1254AFFFB005842A4 /* LaunchScreen.storyboard */; };
		940119BE254AFFFB005842A4 /* fastlaneTests.swift in Sources */ = {isa = PBXBuildFile; fileRef = 940119BD254AFFFB005842A4 /* fastlaneTests.swift */; };
/* End PBXBuildFile section */

/* Begin PBXContainerItemProxy section */
		940119BA254AFFFB005842A4 /* PBXContainerItemProxy */ = {
			isa = PBXContainerItemProxy;
			containerPortal = 9401199B254AFFF8005842A4 /* Project object */;
			proxyType = 1;
			remoteGlobalIDString = 940119A2254AFFF8005842A4;
			remoteInfo = fastlane;
		};
/* End PBXContainerItemProxy section */

/* Begin PBXFileReference section */
		940119A3254AFFF8005842A4 /* fastlane.app */ = {isa = PBXFileReference; explicitFileType = wrapper.application; includeInIndex = 0; path = fastlane.app; sourceTree = BUILT_PRODUCTS_DIR; };
		940119A6254AFFF8005842A4 /* AppDelegate.swift */ = {isa = PBXFileReference; lastKnownFileType = sourcecode.swift; path = AppDelegate.swift; sourceTree = "<group>"; };
		940119A8254AFFF8005842A4 /* SceneDelegate.swift */ = {isa = PBXFileReference; lastKnownFileType = sourcecode.swift; path = SceneDelegate.swift; sourceTree = "<group>"; };
		940119AA254AFFF8005842A4 /* ViewController.swift */ = {isa = PBXFileReference; lastKnownFileType = sourcecode.swift; path = ViewController.swift; sourceTree = "<group>"; };
		940119AD254AFFF8005842A4 /* Base */ = {isa = PBXFileReference; lastKnownFileType = file.storyboard; name = Base; path = Base.lproj/Main.storyboard; sourceTree = "<group>"; };
		940119AF254AFFFB005842A4 /* Assets.xcassets */ = {isa = PBXFileReference; lastKnownFileType = folder.assetcatalog; path = Assets.xcassets; sourceTree = "<group>"; };
		940119B2254AFFFB005842A4 /* Base */ = {isa = PBXFileReference; lastKnownFileType = file.storyboard; name = Base; path = Base.lproj/LaunchScreen.storyboard; sourceTree = "<group>"; };
		940119B4254AFFFB005842A4 /* Info.plist */ = {isa = PBXFileReference; lastKnownFileType = text.plist.xml; path = Info.plist; sourceTree = "<group>"; };
		940119B9254AFFFB005842A4 /* fastlaneTests.xctest */ = {isa = PBXFileReference; explicitFileType = wrapper.cfbundle; includeInIndex = 0; path = fastlaneTests.xctest; sourceTree = BUILT_PRODUCTS_DIR; };
		940119BD254AFFFB005842A4 /* fastlaneTests.swift */ = {isa = PBXFileReference; lastKnownFileType = sourcecode.swift; path = fastlaneTests.swift; sourceTree = "<group>"; };
		940119BF254AFFFB005842A4 /* Info.plist */ = {isa = PBXFileReference; lastKnownFileType = text.plist.xml; path = Info.plist; sourceTree = "<group>"; };
/* End PBXFileReference section */

/* Begin PBXFrameworksBuildPhase section */
		940119A0254AFFF8005842A4 /* Frameworks */ = {
			isa = PBXFrameworksBuildPhase;
			buildActionMask = 2147483647;
			files = (
			);
			runOnlyForDeploymentPostprocessing = 0;
		};
		940119B6254AFFFB005842A4 /* Frameworks */ = {
			isa = PBXFrameworksBuildPhase;
			buildActionMask = 2147483647;
			files = (
			);
			runOnlyForDeploymentPostprocessing = 0;
		};
/* End PBXFrameworksBuildPhase section */

/* Begin PBXGroup section */
		9401199A254AFFF8005842A4 = {
			isa = PBXGroup;
			children = (
				940119A5254AFFF8005842A4 /* fastlane */,
				940119BC254AFFFB005842A4 /* fastlaneTests */,
				940119A4254AFFF8005842A4 /* Products */,
			);
			sourceTree = "<group>";
		};
		940119A4254AFFF8005842A4 /* Products */ = {
			isa = PBXGroup;
			children = (
				940119A3254AFFF8005842A4 /* fastlane.app */,
				940119B9254AFFFB005842A4 /* fastlaneTests.xctest */,
			);
			name = Products;
			sourceTree = "<group>";
		};
		940119A5254AFFF8005842A4 /* fastlane */ = {
			isa = PBXGroup;
			children = (
				940119A6254AFFF8005842A4 /* AppDelegate.swift */,
				940119A8254AFFF8005842A4 /* SceneDelegate.swift */,
				940119AA254AFFF8005842A4 /* ViewController.swift */,
				940119AC254AFFF8005842A4 /* Main.storyboard */,
				940119AF254AFFFB005842A4 /* Assets.xcassets */,
				940119B1254AFFFB005842A4 /* LaunchScreen.storyboard */,
				940119B4254AFFFB005842A4 /* Info.plist */,
			);
			path = fastlane;
			sourceTree = "<group>";
		};
		940119BC254AFFFB005842A4 /* fastlaneTests */ = {
			isa = PBXGroup;
			children = (
				940119BD254AFFFB005842A4 /* fastlaneTests.swift */,
				940119BF254AFFFB005842A4 /* Info.plist */,
			);
			path = fastlaneTests;
			sourceTree = "<group>";
		};
/* End PBXGroup section */

/* Begin PBXNativeTarget section */
		940119A2254AFFF8005842A4 /* fastlane */ = {
			isa = PBXNativeTarget;
			buildConfigurationList = 940119C2254AFFFB005842A4 /* Build configuration list for PBXNativeTarget "fastlane" */;
			buildPhases = (
				9401199F254AFFF8005842A4 /* Sources */,
				940119A0254AFFF8005842A4 /* Frameworks */,
				940119A1254AFFF8005842A4 /* Resources */,
			);
			buildRules = (
			);
			dependencies = (
			);
			name = fastlane;
			productName = fastlane;
			productReference = 940119A3254AFFF8005842A4 /* fastlane.app */;
			productType = "com.apple.product-type.application";
		};
		940119B8254AFFFB005842A4 /* fastlaneTests */ = {
			isa = PBXNativeTarget;
			buildConfigurationList = 940119C5254AFFFB005842A4 /* Build configuration list for PBXNativeTarget "fastlaneTests" */;
			buildPhases = (
				940119B5254AFFFB005842A4 /* Sources */,
				940119B6254AFFFB005842A4 /* Frameworks */,
				940119B7254AFFFB005842A4 /* Resources */,
			);
			buildRules = (
			);
			dependencies = (
				940119BB254AFFFB005842A4 /* PBXTargetDependency */,
			);
			name = fastlaneTests;
			productName = fastlaneTests;
			productReference = 940119B9254AFFFB005842A4 /* fastlaneTests.xctest */;
			productType = "com.apple.product-type.bundle.unit-test";
		};
/* End PBXNativeTarget section */

/* Begin PBXProject section */
		9401199B254AFFF8005842A4 /* Project object */ = {
			isa = PBXProject;
			attributes = {
				LastSwiftUpdateCheck = 1170;
				LastUpgradeCheck = 1170;
				ORGANIZATIONNAME = Learning;
				TargetAttributes = {
					940119A2254AFFF8005842A4 = {
						CreatedOnToolsVersion = 11.7;
					};
					940119B8254AFFFB005842A4 = {
						CreatedOnToolsVersion = 11.7;
						TestTargetID = 940119A2254AFFF8005842A4;
					};
				};
			};
			buildConfigurationList = 9401199E254AFFF8005842A4 /* Build configuration list for PBXProject "fastlane" */;
			compatibilityVersion = "Xcode 9.3";
			developmentRegion = en;
			hasScannedForEncodings = 0;
			knownRegions = (
				en,
				Base,
			);
			mainGroup = 9401199A254AFFF8005842A4;
			productRefGroup = 940119A4254AFFF8005842A4 /* Products */;
			projectDirPath = "";
			projectRoot = "";
			targets = (
				940119A2254AFFF8005842A4 /* fastlane */,
				940119B8254AFFFB005842A4 /* fastlaneTests */,
			);
		};
/* End PBXProject section */

/* Begin PBXResourcesBuildPhase section */
		940119A1254AFFF8005842A4 /* Resources */ = {
			isa = PBXResourcesBuildPhase;
			buildActionMask = 2147483647;
			files = (
				940119B3254AFFFB005842A4 /* LaunchScreen.storyboard in Resources */,
				940119B0254AFFFB005842A4 /* Assets.xcassets in Resources */,
				940119AE254AFFF8005842A4 /* Main.storyboard in Resources */,
			);
			runOnlyForDeploymentPostprocessing = 0;
		};
		940119B7254AFFFB005842A4 /* Resources */ = {
			isa = PBXResourcesBuildPhase;
			buildActionMask = 2147483647;
			files = (
			);
			runOnlyForDeploymentPostprocessing = 0;
		};
/* End PBXResourcesBuildPhase section */

/* Begin PBXSourcesBuildPhase section */
		9401199F254AFFF8005842A4 /* Sources */ = {
			isa = PBXSourcesBuildPhase;
			buildActionMask = 2147483647;
			files = (
				940119AB254AFFF8005842A4 /* ViewController.swift in Sources */,
				940119A7254AFFF8005842A4 /* AppDelegate.swift in Sources */,
				940119A9254AFFF8005842A4 /* SceneDelegate.swift in Sources */,
			);
			runOnlyForDeploymentPostprocessing = 0;
		};
		940119B5254AFFFB005842A4 /* Sources */ = {
			isa = PBXSourcesBuildPhase;
			buildActionMask = 2147483647;
			files = (
				940119BE254AFFFB005842A4 /* fastlaneTests.swift in Sources */,
			);
			runOnlyForDeploymentPostprocessing = 0;
		};
/* End PBXSourcesBuildPhase section */

/* Begin PBXTargetDependency section */
		940119BB254AFFFB005842A4 /* PBXTargetDependency */ = {
			isa = PBXTargetDependency;
			target = 940119A2254AFFF8005842A4 /* fastlane */;
			targetProxy = 940119BA254AFFFB005842A4 /* PBXContainerItemProxy */;
		};
/* End PBXTargetDependency section */

/* Begin PBXVariantGroup section */
		940119AC254AFFF8005842A4 /* Main.storyboard */ = {
			isa = PBXVariantGroup;
			children = (
				940119AD254AFFF8005842A4 /* Base */,
			);
			name = Main.storyboard;
			sourceTree = "<group>";
		};
		940119B1254AFFFB005842A4 /* LaunchScreen.storyboard */ = {
			isa = PBXVariantGroup;
			children = (
				940119B2254AFFFB005842A4 /* Base */,
			);
			name = LaunchScreen.storyboard;
			sourceTree = "<group>";
		};
/* End PBXVariantGroup section */

/* Begin XCBuildConfiguration section */
		940119C0254AFFFB005842A4 /* Debug */ = {
			isa = XCBuildConfiguration;
			buildSettings = {
				ALWAYS_SEARCH_USER_PATHS = NO;
				CLANG_ANALYZER_NONNULL = YES;
				CLANG_ANALYZER_NUMBER_OBJECT_CONVERSION = YES_AGGRESSIVE;
				CLANG_CXX_LANGUAGE_STANDARD = "gnu++14";
				CLANG_CXX_LIBRARY = "libc++";
				CLANG_ENABLE_MODULES = YES;
				CLANG_ENABLE_OBJC_ARC = YES;
				CLANG_ENABLE_OBJC_WEAK = YES;
				CLANG_WARN_BLOCK_CAPTURE_AUTORELEASING = YES;
				CLANG_WARN_BOOL_CONVERSION = YES;
				CLANG_WARN_COMMA = YES;
				CLANG_WARN_CONSTANT_CONVERSION = YES;
				CLANG_WARN_DEPRECATED_OBJC_IMPLEMENTATIONS = YES;
				CLANG_WARN_DIRECT_OBJC_ISA_USAGE = YES_ERROR;
				CLANG_WARN_DOCUMENTATION_COMMENTS = YES;
				CLANG_WARN_EMPTY_BODY = YES;
				CLANG_WARN_ENUM_CONVERSION = YES;
				CLANG_WARN_INFINITE_RECURSION = YES;
				CLANG_WARN_INT_CONVERSION = YES;
				CLANG_WARN_NON_LITERAL_NULL_CONVERSION = YES;
				CLANG_WARN_OBJC_IMPLICIT_RETAIN_SELF = YES;
				CLANG_WARN_OBJC_LITERAL_CONVERSION = YES;
				CLANG_WARN_OBJC_ROOT_CLASS = YES_ERROR;
				CLANG_WARN_RANGE_LOOP_ANALYSIS = YES;
				CLANG_WARN_STRICT_PROTOTYPES = YES;
				CLANG_WARN_SUSPICIOUS_MOVE = YES;
				CLANG_WARN_UNGUARDED_AVAILABILITY = YES_AGGRESSIVE;
				CLANG_WARN_UNREACHABLE_CODE = YES;
				CLANG_WARN__DUPLICATE_METHOD_MATCH = YES;
				COPY_PHASE_STRIP = NO;
				DEBUG_INFORMATION_FORMAT = dwarf;
				ENABLE_STRICT_OBJC_MSGSEND = YES;
				ENABLE_TESTABILITY = YES;
				GCC_C_LANGUAGE_STANDARD = gnu11;
				GCC_DYNAMIC_NO_PIC = NO;
				GCC_NO_COMMON_BLOCKS = YES;
				GCC_OPTIMIZATION_LEVEL = 0;
				GCC_PREPROCESSOR_DEFINITIONS = (
					"DEBUG=1",
					"$(inherited)",
				);
				GCC_WARN_64_TO_32_BIT_CONVERSION = YES;
				GCC_WARN_ABOUT_RETURN_TYPE = YES_ERROR;
				GCC_WARN_UNDECLARED_SELECTOR = YES;
				GCC_WARN_UNINITIALIZED_AUTOS = YES_AGGRESSIVE;
				GCC_WARN_UNUSED_FUNCTION = YES;
				GCC_WARN_UNUSED_VARIABLE = YES;
				IPHONEOS_DEPLOYMENT_TARGET = 13.7;
				MTL_ENABLE_DEBUG_INFO = INCLUDE_SOURCE;
				MTL_FAST_MATH = YES;
				ONLY_ACTIVE_ARCH = YES;
				SDKROOT = iphoneos;
				SWIFT_ACTIVE_COMPILATION_CONDITIONS = DEBUG;
				SWIFT_OPTIMIZATION_LEVEL = "-Onone";
			};
			name = Debug;
		};
		940119C1254AFFFB005842A4 /* Release */ = {
			isa = XCBuildConfiguration;
			buildSettings = {
				ALWAYS_SEARCH_USER_PATHS = NO;
				CLANG_ANALYZER_NONNULL = YES;
				CLANG_ANALYZER_NUMBER_OBJECT_CONVERSION = YES_AGGRESSIVE;
				CLANG_CXX_LANGUAGE_STANDARD = "gnu++14";
				CLANG_CXX_LIBRARY = "libc++";
				CLANG_ENABLE_MODULES = YES;
				CLANG_ENABLE_OBJC_ARC = YES;
				CLANG_ENABLE_OBJC_WEAK = YES;
				CLANG_WARN_BLOCK_CAPTURE_AUTORELEASING = YES;
				CLANG_WARN_BOOL_CONVERSION = YES;
				CLANG_WARN_COMMA = YES;
				CLANG_WARN_CONSTANT_CONVERSION = YES;
				CLANG_WARN_DEPRECATED_OBJC_IMPLEMENTATIONS = YES;
				CLANG_WARN_DIRECT_OBJC_ISA_USAGE = YES_ERROR;
				CLANG_WARN_DOCUMENTATION_COMMENTS = YES;
				CLANG_WARN_EMPTY_BODY = YES;
				CLANG_WARN_ENUM_CONVERSION = YES;
				CLANG_WARN_INFINITE_RECURSION = YES;
				CLANG_WARN_INT_CONVERSION = YES;
				CLANG_WARN_NON_LITERAL_NULL_CONVERSION = YES;
				CLANG_WARN_OBJC_IMPLICIT_RETAIN_SELF = YES;
				CLANG_WARN_OBJC_LITERAL_CONVERSION = YES;
				CLANG_WARN_OBJC_ROOT_CLASS = YES_ERROR;
				CLANG_WARN_RANGE_LOOP_ANALYSIS = YES;
				CLANG_WARN_STRICT_PROTOTYPES = YES;
				CLANG_WARN_SUSPICIOUS_MOVE = YES;
				CLANG_WARN_UNGUARDED_AVAILABILITY = YES_AGGRESSIVE;
				CLANG_WARN_UNREACHABLE_CODE = YES;
				CLANG_WARN__DUPLICATE_METHOD_MATCH = YES;
				COPY_PHASE_STRIP = NO;
				DEBUG_INFORMATION_FORMAT = "dwarf-with-dsym";
				ENABLE_NS_ASSERTIONS = NO;
				ENABLE_STRICT_OBJC_MSGSEND = YES;
				GCC_C_LANGUAGE_STANDARD = gnu11;
				GCC_NO_COMMON_BLOCKS = YES;
				GCC_WARN_64_TO_32_BIT_CONVERSION = YES;
				GCC_WARN_ABOUT_RETURN_TYPE = YES_ERROR;
				GCC_WARN_UNDECLARED_SELECTOR = YES;
				GCC_WARN_UNINITIALIZED_AUTOS = YES_AGGRESSIVE;
				GCC_WARN_UNUSED_FUNCTION = YES;
				GCC_WARN_UNUSED_VARIABLE = YES;
				IPHONEOS_DEPLOYMENT_TARGET = 13.7;
				MTL_ENABLE_DEBUG_INFO = NO;
				MTL_FAST_MATH = YES;
				SDKROOT = iphoneos;
				SWIFT_COMPILATION_MODE = wholemodule;
				SWIFT_OPTIMIZATION_LEVEL = "-O";
				VALIDATE_PRODUCT = YES;
			};
			name = Release;
		};
		940119C3254AFFFB005842A4 /* Debug */ = {
			isa = XCBuildConfiguration;
			buildSettings = {
				ASSETCATALOG_COMPILER_APPICON_NAME = AppIcon;
				CODE_SIGN_STYLE = Automatic;
				DEVELOPMENT_TEAM = TGMD963KYP;
				INFOPLIST_FILE = fastlane/Info.plist;
				LD_RUNPATH_SEARCH_PATHS = (
					"$(inherited)",
					"@executable_path/Frameworks",
				);
				PRODUCT_BUNDLE_IDENTIFIER = Learning.fastlane;
				PRODUCT_NAME = "$(TARGET_NAME)";
				SWIFT_VERSION = 5.0;
				TARGETED_DEVICE_FAMILY = "1,2";
			};
			name = Debug;
		};
		940119C4254AFFFB005842A4 /* Release */ = {
			isa = XCBuildConfiguration;
			buildSettings = {
				ASSETCATALOG_COMPILER_APPICON_NAME = AppIcon;
				CODE_SIGN_STYLE = Automatic;
				DEVELOPMENT_TEAM = TGMD963KYP;
				INFOPLIST_FILE = fastlane/Info.plist;
				LD_RUNPATH_SEARCH_PATHS = (
					"$(inherited)",
					"@executable_path/Frameworks",
				);
				PRODUCT_BUNDLE_IDENTIFIER = Learning.fastlane;
				PRODUCT_NAME = "$(TARGET_NAME)";
				SWIFT_VERSION = 5.0;
				TARGETED_DEVICE_FAMILY = "1,2";
			};
			name = Release;
		};
		940119C6254AFFFB005842A4 /* Debug */ = {
			isa = XCBuildConfiguration;
			buildSettings = {
				ALWAYS_EMBED_SWIFT_STANDARD_LIBRARIES = YES;
				BUNDLE_LOADER = "$(TEST_HOST)";
				CODE_SIGN_STYLE = Automatic;
				DEVELOPMENT_TEAM = TGMD963KYP;
				INFOPLIST_FILE = fastlaneTests/Info.plist;
				IPHONEOS_DEPLOYMENT_TARGET = 13.7;
				LD_RUNPATH_SEARCH_PATHS = (
					"$(inherited)",
					"@executable_path/Frameworks",
					"@loader_path/Frameworks",
				);
				PRODUCT_BUNDLE_IDENTIFIER = Learning.fastlaneTests;
				PRODUCT_NAME = "$(TARGET_NAME)";
				SWIFT_VERSION = 5.0;
				TARGETED_DEVICE_FAMILY = "1,2";
				TEST_HOST = "$(BUILT_PRODUCTS_DIR)/fastlane.app/fastlane";
			};
			name = Debug;
		};
		940119C7254AFFFB005842A4 /* Release */ = {
			isa = XCBuildConfiguration;
			buildSettings = {
				ALWAYS_EMBED_SWIFT_STANDARD_LIBRARIES = YES;
				BUNDLE_LOADER = "$(TEST_HOST)";
				CODE_SIGN_STYLE = Automatic;
				DEVELOPMENT_TEAM = TGMD963KYP;
				INFOPLIST_FILE = fastlaneTests/Info.plist;
				IPHONEOS_DEPLOYMENT_TARGET = 13.7;
				LD_RUNPATH_SEARCH_PATHS = (
					"$(inherited)",
					"@executable_path/Frameworks",
					"@loader_path/Frameworks",
				);
				PRODUCT_BUNDLE_IDENTIFIER = Learning.fastlaneTests;
				PRODUCT_NAME = "$(TARGET_NAME)";
				SWIFT_VERSION = 5.0;
				TARGETED_DEVICE_FAMILY = "1,2";
				TEST_HOST = "$(BUILT_PRODUCTS_DIR)/fastlane.app/fastlane";
			};
			name = Release;
		};
/* End XCBuildConfiguration section */

/* Begin XCConfigurationList section */
		9401199E254AFFF8005842A4 /* Build configuration list for PBXProject "fastlane" */ = {
			isa = XCConfigurationList;
			buildConfigurations = (
				940119C0254AFFFB005842A4 /* Debug */,
				940119C1254AFFFB005842A4 /* Release */,
			);
			defaultConfigurationIsVisible = 0;
			defaultConfigurationName = Release;
		};
		940119C2254AFFFB005842A4 /* Build configuration list for PBXNativeTarget "fastlane" */ = {
			isa = XCConfigurationList;
			buildConfigurations = (
				940119C3254AFFFB005842A4 /* Debug */,
				940119C4254AFFFB005842A4 /* Release */,
			);
			defaultConfigurationIsVisible = 0;
			defaultConfigurationName = Release;
		};
		940119C5254AFFFB005842A4 /* Build configuration list for PBXNativeTarget "fastlaneTests" */ = {
			isa = XCConfigurationList;
			buildConfigurations = (
				940119C6254AFFFB005842A4 /* Debug */,
				940119C7254AFFFB005842A4 /* Release */,
			);
			defaultConfigurationIsVisible = 0;
			defaultConfigurationName = Release;
		};
/* End XCConfigurationList section */
	};
	rootObject = 9401199B254AFFF8005842A4 /* Project object */;
}
